// !$*UTF8*$!
{
	archiveVersion = 1;
	classes = {
	};
	objectVersion = 56;
	objects = {

/* Begin PBXBuildFile section */
		4920C5AD47C7DC90D4FD3FD0 /* Pods_Assessment.framework in Frameworks */ = {isa = PBXBuildFile; fileRef = F68BBD7BA518FFEC5B618335 /* Pods_Assessment.framework */; };
		646FF80D21045E9F648A77FD /* Pods_AssessmentTests.framework in Frameworks */ = {isa = PBXBuildFile; fileRef = 26EDCE9E1BEC4AC4CE76DA3F /* Pods_AssessmentTests.framework */; };
		E2F4C7312A88975800B46A38 /* AppDelegate.swift in Sources */ = {isa = PBXBuildFile; fileRef = E2F4C7302A88975800B46A38 /* AppDelegate.swift */; };
		E2F4C73A2A88975900B46A38 /* Assets.xcassets in Resources */ = {isa = PBXBuildFile; fileRef = E2F4C7392A88975900B46A38 /* Assets.xcassets */; };
		E2F4C73D2A88975900B46A38 /* LaunchScreen.storyboard in Resources */ = {isa = PBXBuildFile; fileRef = E2F4C73B2A88975900B46A38 /* LaunchScreen.storyboard */; };
		E2F4C7652A8898A000B46A38 /* Colors.xcassets in Resources */ = {isa = PBXBuildFile; fileRef = E2F4C7642A8898A000B46A38 /* Colors.xcassets */; };
		E2F9CD242A88A6F900221C9D /* MealListViewController.swift in Sources */ = {isa = PBXBuildFile; fileRef = E2F9CD232A88A6F900221C9D /* MealListViewController.swift */; };
		E2F9CD262A88A71700221C9D /* ViewController+.swift in Sources */ = {isa = PBXBuildFile; fileRef = E2F9CD252A88A71700221C9D /* ViewController+.swift */; };
		E2F9CD282A88A71E00221C9D /* View+.swift in Sources */ = {isa = PBXBuildFile; fileRef = E2F9CD272A88A71E00221C9D /* View+.swift */; };
		E2F9CD372A88AEC000221C9D /* CollectionViewCell+.swift in Sources */ = {isa = PBXBuildFile; fileRef = E2F9CD362A88AEC000221C9D /* CollectionViewCell+.swift */; };
		E2F9CD392A88AEF600221C9D /* CollectionView+.swift in Sources */ = {isa = PBXBuildFile; fileRef = E2F9CD382A88AEF600221C9D /* CollectionView+.swift */; };
		E2F9CD3C2A88AFB500221C9D /* MealOverviewCell.swift in Sources */ = {isa = PBXBuildFile; fileRef = E2F9CD3A2A88AFB500221C9D /* MealOverviewCell.swift */; };
		E2F9CD3D2A88AFB500221C9D /* MealOverviewCell.xib in Resources */ = {isa = PBXBuildFile; fileRef = E2F9CD3B2A88AFB500221C9D /* MealOverviewCell.xib */; };
		E2F9CD412A88B2E500221C9D /* CollectionViewListLayout.swift in Sources */ = {isa = PBXBuildFile; fileRef = E2F9CD402A88B2E500221C9D /* CollectionViewListLayout.swift */; };
		E2F9CD432A88C08000221C9D /* MealResponse.swift in Sources */ = {isa = PBXBuildFile; fileRef = E2F9CD422A88C08000221C9D /* MealResponse.swift */; };
		E2F9CD4B2A88C48300221C9D /* Array+.swift in Sources */ = {isa = PBXBuildFile; fileRef = E2F9CD4A2A88C48300221C9D /* Array+.swift */; };
		E2F9CD4F2A88D1EA00221C9D /* TableViewCell+.swift in Sources */ = {isa = PBXBuildFile; fileRef = E2F9CD4D2A88D1EA00221C9D /* TableViewCell+.swift */; };
		E2F9CD502A88D1EA00221C9D /* TableView+.swift in Sources */ = {isa = PBXBuildFile; fileRef = E2F9CD4E2A88D1EA00221C9D /* TableView+.swift */; };
		E2F9CD532A88DB3F00221C9D /* MealDetailsViewController.swift in Sources */ = {isa = PBXBuildFile; fileRef = E2F9CD522A88DB3F00221C9D /* MealDetailsViewController.swift */; };
		E2F9CD552A88DB7A00221C9D /* MealDetailLayout.swift in Sources */ = {isa = PBXBuildFile; fileRef = E2F9CD542A88DB7A00221C9D /* MealDetailLayout.swift */; };
		E2F9CD582A88DE4B00221C9D /* MealBasicDetailCell.swift in Sources */ = {isa = PBXBuildFile; fileRef = E2F9CD562A88DE4B00221C9D /* MealBasicDetailCell.swift */; };
		E2F9CD592A88DE4B00221C9D /* MealBasicDetailCell.xib in Resources */ = {isa = PBXBuildFile; fileRef = E2F9CD572A88DE4B00221C9D /* MealBasicDetailCell.xib */; };
		E2F9CD5C2A88DE5D00221C9D /* MealIngredientsCell.swift in Sources */ = {isa = PBXBuildFile; fileRef = E2F9CD5A2A88DE5D00221C9D /* MealIngredientsCell.swift */; };
		E2F9CD5D2A88DE5D00221C9D /* MealIngredientsCell.xib in Resources */ = {isa = PBXBuildFile; fileRef = E2F9CD5B2A88DE5D00221C9D /* MealIngredientsCell.xib */; };
		E2F9CD602A88DE6B00221C9D /* MealMeasuresCell.swift in Sources */ = {isa = PBXBuildFile; fileRef = E2F9CD5E2A88DE6B00221C9D /* MealMeasuresCell.swift */; };
		E2F9CD612A88DE6B00221C9D /* MealMeasuresCell.xib in Resources */ = {isa = PBXBuildFile; fileRef = E2F9CD5F2A88DE6B00221C9D /* MealMeasuresCell.xib */; };
		E2F9CD642A88EA2800221C9D /* MealDetailSectionHeaderView.swift in Sources */ = {isa = PBXBuildFile; fileRef = E2F9CD622A88EA2800221C9D /* MealDetailSectionHeaderView.swift */; };
		E2F9CD652A88EA2800221C9D /* MealDetailSectionHeaderView.xib in Resources */ = {isa = PBXBuildFile; fileRef = E2F9CD632A88EA2800221C9D /* MealDetailSectionHeaderView.xib */; };
		E2F9CD692A88EE1B00221C9D /* ImagePreviewVC.swift in Sources */ = {isa = PBXBuildFile; fileRef = E2F9CD672A88EE1B00221C9D /* ImagePreviewVC.swift */; };
		E2F9CD6A2A88EE1B00221C9D /* ImagePreviewVC.xib in Resources */ = {isa = PBXBuildFile; fileRef = E2F9CD682A88EE1B00221C9D /* ImagePreviewVC.xib */; };
		E2F9CD6C2A88EF5600221C9D /* PopAnimator.swift in Sources */ = {isa = PBXBuildFile; fileRef = E2F9CD6B2A88EF5600221C9D /* PopAnimator.swift */; };
		E2F9CD6E2A88EFF000221C9D /* ImageAspectFillButton.swift in Sources */ = {isa = PBXBuildFile; fileRef = E2F9CD6D2A88EFF000221C9D /* ImageAspectFillButton.swift */; };
		E2F9CD712A88F65200221C9D /* SignInViewController.swift in Sources */ = {isa = PBXBuildFile; fileRef = E2F9CD6F2A88F65200221C9D /* SignInViewController.swift */; };
		E2F9CD722A88F65200221C9D /* SignInViewController.xib in Resources */ = {isa = PBXBuildFile; fileRef = E2F9CD702A88F65200221C9D /* SignInViewController.xib */; };
		E2F9CD762A88F80A00221C9D /* SignUpViewController.swift in Sources */ = {isa = PBXBuildFile; fileRef = E2F9CD742A88F80A00221C9D /* SignUpViewController.swift */; };
		E2F9CD772A88F80A00221C9D /* SignUpViewController.xib in Resources */ = {isa = PBXBuildFile; fileRef = E2F9CD752A88F80A00221C9D /* SignUpViewController.xib */; };
		E2F9CD792A88F8CB00221C9D /* UserManager.swift in Sources */ = {isa = PBXBuildFile; fileRef = E2F9CD782A88F8CB00221C9D /* UserManager.swift */; };
		E2F9CD7F2A89028500221C9D /* ProfileViewController.swift in Sources */ = {isa = PBXBuildFile; fileRef = E2F9CD7D2A89028500221C9D /* ProfileViewController.swift */; };
		E2F9CD802A89028500221C9D /* ProfileViewController.xib in Resources */ = {isa = PBXBuildFile; fileRef = E2F9CD7E2A89028500221C9D /* ProfileViewController.xib */; };
		E2F9CD852A8907DF00221C9D /* UserManagerTests.swift in Sources */ = {isa = PBXBuildFile; fileRef = E2F9CD842A8907DF00221C9D /* UserManagerTests.swift */; };
		E2F9CD862A89081800221C9D /* UserManager.swift in Sources */ = {isa = PBXBuildFile; fileRef = E2F9CD782A88F8CB00221C9D /* UserManager.swift */; };
		E2F9CD882A89130100221C9D /* MealService.swift in Sources */ = {isa = PBXBuildFile; fileRef = E2F9CD872A89130100221C9D /* MealService.swift */; };
		E2F9CD8A2A8916B500221C9D /* MealServiceTests.swift in Sources */ = {isa = PBXBuildFile; fileRef = E2F9CD892A8916B500221C9D /* MealServiceTests.swift */; };
		E2F9CD8B2A89177C00221C9D /* MealService.swift in Sources */ = {isa = PBXBuildFile; fileRef = E2F9CD872A89130100221C9D /* MealService.swift */; };
		E2F9CD8D2A89178D00221C9D /* MealResponse.swift in Sources */ = {isa = PBXBuildFile; fileRef = E2F9CD422A88C08000221C9D /* MealResponse.swift */; };
		E2F9CD902A891CE500221C9D /* UserModelTests.swift in Sources */ = {isa = PBXBuildFile; fileRef = E2F9CD8F2A891CE500221C9D /* UserModelTests.swift */; };
		E2F9CD932A891CF400221C9D /* Meal.swift in Sources */ = {isa = PBXBuildFile; fileRef = E2F9CD922A891CF400221C9D /* Meal.swift */; };
		E2F9CD942A891CF400221C9D /* Meal.swift in Sources */ = {isa = PBXBuildFile; fileRef = E2F9CD922A891CF400221C9D /* Meal.swift */; };
		E2F9CD952A891CF400221C9D /* User.swift in Sources */ = {isa = PBXBuildFile; fileRef = E2F9CD912A891CF400221C9D /* User.swift */; };
		E2F9CD962A891CF400221C9D /* User.swift in Sources */ = {isa = PBXBuildFile; fileRef = E2F9CD912A891CF400221C9D /* User.swift */; };
		E2F9CD982A89226300221C9D /* BackgroundView.swift in Sources */ = {isa = PBXBuildFile; fileRef = E2F9CD972A89226300221C9D /* BackgroundView.swift */; };
/* End PBXBuildFile section */

/* Begin PBXContainerItemProxy section */
		E2F4C7442A88975900B46A38 /* PBXContainerItemProxy */ = {
			isa = PBXContainerItemProxy;
			containerPortal = E2F4C7252A88975800B46A38 /* Project object */;
			proxyType = 1;
			remoteGlobalIDString = E2F4C72C2A88975800B46A38;
			remoteInfo = Assessment;
		};
/* End PBXContainerItemProxy section */

/* Begin PBXFileReference section */
		21789EFD8FD35A5A8F2285D2 /* Pods-Assessment-AssessmentUITests.debug.xcconfig */ = {isa = PBXFileReference; includeInIndex = 1; lastKnownFileType = text.xcconfig; name = "Pods-Assessment-AssessmentUITests.debug.xcconfig"; path = "Target Support Files/Pods-Assessment-AssessmentUITests/Pods-Assessment-AssessmentUITests.debug.xcconfig"; sourceTree = "<group>"; };
		26EDCE9E1BEC4AC4CE76DA3F /* Pods_AssessmentTests.framework */ = {isa = PBXFileReference; explicitFileType = wrapper.framework; includeInIndex = 0; path = Pods_AssessmentTests.framework; sourceTree = BUILT_PRODUCTS_DIR; };
		3DC592657ACB105ABEA6C6B1 /* Pods-AssessmentTests.release.xcconfig */ = {isa = PBXFileReference; includeInIndex = 1; lastKnownFileType = text.xcconfig; name = "Pods-AssessmentTests.release.xcconfig"; path = "Target Support Files/Pods-AssessmentTests/Pods-AssessmentTests.release.xcconfig"; sourceTree = "<group>"; };
		50BC948DA924EDADC8F3E841 /* Pods-Assessment.release.xcconfig */ = {isa = PBXFileReference; includeInIndex = 1; lastKnownFileType = text.xcconfig; name = "Pods-Assessment.release.xcconfig"; path = "Target Support Files/Pods-Assessment/Pods-Assessment.release.xcconfig"; sourceTree = "<group>"; };
		68C865AAE0B7552ECA8BD268 /* Pods-Assessment-AssessmentUITests.release.xcconfig */ = {isa = PBXFileReference; includeInIndex = 1; lastKnownFileType = text.xcconfig; name = "Pods-Assessment-AssessmentUITests.release.xcconfig"; path = "Target Support Files/Pods-Assessment-AssessmentUITests/Pods-Assessment-AssessmentUITests.release.xcconfig"; sourceTree = "<group>"; };
		8EC0500B3535372D25399816 /* Pods-Assessment.debug.xcconfig */ = {isa = PBXFileReference; includeInIndex = 1; lastKnownFileType = text.xcconfig; name = "Pods-Assessment.debug.xcconfig"; path = "Target Support Files/Pods-Assessment/Pods-Assessment.debug.xcconfig"; sourceTree = "<group>"; };
		980CE51DD1BDF7B4FC636927 /* Pods-AssessmentTests.debug.xcconfig */ = {isa = PBXFileReference; includeInIndex = 1; lastKnownFileType = text.xcconfig; name = "Pods-AssessmentTests.debug.xcconfig"; path = "Target Support Files/Pods-AssessmentTests/Pods-AssessmentTests.debug.xcconfig"; sourceTree = "<group>"; };
		DDF7DE15FEFA63CD78F95C67 /* Pods_Assessment_AssessmentUITests.framework */ = {isa = PBXFileReference; explicitFileType = wrapper.framework; includeInIndex = 0; path = Pods_Assessment_AssessmentUITests.framework; sourceTree = BUILT_PRODUCTS_DIR; };
		E2F4C72D2A88975800B46A38 /* Assessment.app */ = {isa = PBXFileReference; explicitFileType = wrapper.application; includeInIndex = 0; path = Assessment.app; sourceTree = BUILT_PRODUCTS_DIR; };
		E2F4C7302A88975800B46A38 /* AppDelegate.swift */ = {isa = PBXFileReference; lastKnownFileType = sourcecode.swift; path = AppDelegate.swift; sourceTree = "<group>"; };
		E2F4C7392A88975900B46A38 /* Assets.xcassets */ = {isa = PBXFileReference; lastKnownFileType = folder.assetcatalog; path = Assets.xcassets; sourceTree = "<group>"; };
		E2F4C73C2A88975900B46A38 /* Base */ = {isa = PBXFileReference; lastKnownFileType = file.storyboard; name = Base; path = Base.lproj/LaunchScreen.storyboard; sourceTree = "<group>"; };
		E2F4C73E2A88975900B46A38 /* Info.plist */ = {isa = PBXFileReference; lastKnownFileType = text.plist.xml; path = Info.plist; sourceTree = "<group>"; };
		E2F4C7432A88975900B46A38 /* AssessmentTests.xctest */ = {isa = PBXFileReference; explicitFileType = wrapper.cfbundle; includeInIndex = 0; path = AssessmentTests.xctest; sourceTree = BUILT_PRODUCTS_DIR; };
		E2F4C7642A8898A000B46A38 /* Colors.xcassets */ = {isa = PBXFileReference; lastKnownFileType = folder.assetcatalog; path = Colors.xcassets; sourceTree = "<group>"; };
		E2F9CD232A88A6F900221C9D /* MealListViewController.swift */ = {isa = PBXFileReference; lastKnownFileType = sourcecode.swift; path = MealListViewController.swift; sourceTree = "<group>"; };
		E2F9CD252A88A71700221C9D /* ViewController+.swift */ = {isa = PBXFileReference; fileEncoding = 4; lastKnownFileType = sourcecode.swift; path = "ViewController+.swift"; sourceTree = "<group>"; };
		E2F9CD272A88A71E00221C9D /* View+.swift */ = {isa = PBXFileReference; fileEncoding = 4; lastKnownFileType = sourcecode.swift; path = "View+.swift"; sourceTree = "<group>"; };
		E2F9CD362A88AEC000221C9D /* CollectionViewCell+.swift */ = {isa = PBXFileReference; lastKnownFileType = sourcecode.swift; path = "CollectionViewCell+.swift"; sourceTree = "<group>"; };
		E2F9CD382A88AEF600221C9D /* CollectionView+.swift */ = {isa = PBXFileReference; lastKnownFileType = sourcecode.swift; path = "CollectionView+.swift"; sourceTree = "<group>"; };
		E2F9CD3A2A88AFB500221C9D /* MealOverviewCell.swift */ = {isa = PBXFileReference; lastKnownFileType = sourcecode.swift; path = MealOverviewCell.swift; sourceTree = "<group>"; };
		E2F9CD3B2A88AFB500221C9D /* MealOverviewCell.xib */ = {isa = PBXFileReference; lastKnownFileType = file.xib; path = MealOverviewCell.xib; sourceTree = "<group>"; };
		E2F9CD402A88B2E500221C9D /* CollectionViewListLayout.swift */ = {isa = PBXFileReference; lastKnownFileType = sourcecode.swift; path = CollectionViewListLayout.swift; sourceTree = "<group>"; };
		E2F9CD422A88C08000221C9D /* MealResponse.swift */ = {isa = PBXFileReference; lastKnownFileType = sourcecode.swift; path = MealResponse.swift; sourceTree = "<group>"; };
		E2F9CD4A2A88C48300221C9D /* Array+.swift */ = {isa = PBXFileReference; lastKnownFileType = sourcecode.swift; path = "Array+.swift"; sourceTree = "<group>"; };
		E2F9CD4D2A88D1EA00221C9D /* TableViewCell+.swift */ = {isa = PBXFileReference; fileEncoding = 4; lastKnownFileType = sourcecode.swift; path = "TableViewCell+.swift"; sourceTree = "<group>"; };
		E2F9CD4E2A88D1EA00221C9D /* TableView+.swift */ = {isa = PBXFileReference; fileEncoding = 4; lastKnownFileType = sourcecode.swift; path = "TableView+.swift"; sourceTree = "<group>"; };
		E2F9CD522A88DB3F00221C9D /* MealDetailsViewController.swift */ = {isa = PBXFileReference; lastKnownFileType = sourcecode.swift; path = MealDetailsViewController.swift; sourceTree = "<group>"; };
		E2F9CD542A88DB7A00221C9D /* MealDetailLayout.swift */ = {isa = PBXFileReference; lastKnownFileType = sourcecode.swift; path = MealDetailLayout.swift; sourceTree = "<group>"; };
		E2F9CD562A88DE4B00221C9D /* MealBasicDetailCell.swift */ = {isa = PBXFileReference; lastKnownFileType = sourcecode.swift; path = MealBasicDetailCell.swift; sourceTree = "<group>"; };
		E2F9CD572A88DE4B00221C9D /* MealBasicDetailCell.xib */ = {isa = PBXFileReference; lastKnownFileType = file.xib; path = MealBasicDetailCell.xib; sourceTree = "<group>"; };
		E2F9CD5A2A88DE5D00221C9D /* MealIngredientsCell.swift */ = {isa = PBXFileReference; lastKnownFileType = sourcecode.swift; path = MealIngredientsCell.swift; sourceTree = "<group>"; };
		E2F9CD5B2A88DE5D00221C9D /* MealIngredientsCell.xib */ = {isa = PBXFileReference; lastKnownFileType = file.xib; path = MealIngredientsCell.xib; sourceTree = "<group>"; };
		E2F9CD5E2A88DE6B00221C9D /* MealMeasuresCell.swift */ = {isa = PBXFileReference; lastKnownFileType = sourcecode.swift; path = MealMeasuresCell.swift; sourceTree = "<group>"; };
		E2F9CD5F2A88DE6B00221C9D /* MealMeasuresCell.xib */ = {isa = PBXFileReference; lastKnownFileType = file.xib; path = MealMeasuresCell.xib; sourceTree = "<group>"; };
		E2F9CD622A88EA2800221C9D /* MealDetailSectionHeaderView.swift */ = {isa = PBXFileReference; lastKnownFileType = sourcecode.swift; path = MealDetailSectionHeaderView.swift; sourceTree = "<group>"; };
		E2F9CD632A88EA2800221C9D /* MealDetailSectionHeaderView.xib */ = {isa = PBXFileReference; lastKnownFileType = file.xib; path = MealDetailSectionHeaderView.xib; sourceTree = "<group>"; };
		E2F9CD672A88EE1B00221C9D /* ImagePreviewVC.swift */ = {isa = PBXFileReference; fileEncoding = 4; lastKnownFileType = sourcecode.swift; path = ImagePreviewVC.swift; sourceTree = "<group>"; };
		E2F9CD682A88EE1B00221C9D /* ImagePreviewVC.xib */ = {isa = PBXFileReference; fileEncoding = 4; lastKnownFileType = file.xib; path = ImagePreviewVC.xib; sourceTree = "<group>"; };
		E2F9CD6B2A88EF5600221C9D /* PopAnimator.swift */ = {isa = PBXFileReference; lastKnownFileType = sourcecode.swift; path = PopAnimator.swift; sourceTree = "<group>"; };
		E2F9CD6D2A88EFF000221C9D /* ImageAspectFillButton.swift */ = {isa = PBXFileReference; lastKnownFileType = sourcecode.swift; path = ImageAspectFillButton.swift; sourceTree = "<group>"; };
		E2F9CD6F2A88F65200221C9D /* SignInViewController.swift */ = {isa = PBXFileReference; lastKnownFileType = sourcecode.swift; path = SignInViewController.swift; sourceTree = "<group>"; };
		E2F9CD702A88F65200221C9D /* SignInViewController.xib */ = {isa = PBXFileReference; lastKnownFileType = file.xib; path = SignInViewController.xib; sourceTree = "<group>"; };
		E2F9CD742A88F80A00221C9D /* SignUpViewController.swift */ = {isa = PBXFileReference; lastKnownFileType = sourcecode.swift; path = SignUpViewController.swift; sourceTree = "<group>"; };
		E2F9CD752A88F80A00221C9D /* SignUpViewController.xib */ = {isa = PBXFileReference; lastKnownFileType = file.xib; path = SignUpViewController.xib; sourceTree = "<group>"; };
		E2F9CD782A88F8CB00221C9D /* UserManager.swift */ = {isa = PBXFileReference; lastKnownFileType = sourcecode.swift; path = UserManager.swift; sourceTree = "<group>"; };
		E2F9CD7D2A89028500221C9D /* ProfileViewController.swift */ = {isa = PBXFileReference; lastKnownFileType = sourcecode.swift; path = ProfileViewController.swift; sourceTree = "<group>"; };
		E2F9CD7E2A89028500221C9D /* ProfileViewController.xib */ = {isa = PBXFileReference; lastKnownFileType = file.xib; path = ProfileViewController.xib; sourceTree = "<group>"; };
		E2F9CD842A8907DF00221C9D /* UserManagerTests.swift */ = {isa = PBXFileReference; lastKnownFileType = sourcecode.swift; path = UserManagerTests.swift; sourceTree = "<group>"; };
		E2F9CD872A89130100221C9D /* MealService.swift */ = {isa = PBXFileReference; lastKnownFileType = sourcecode.swift; path = MealService.swift; sourceTree = "<group>"; };
		E2F9CD892A8916B500221C9D /* MealServiceTests.swift */ = {isa = PBXFileReference; lastKnownFileType = sourcecode.swift; path = MealServiceTests.swift; sourceTree = "<group>"; };
		E2F9CD8F2A891CE500221C9D /* UserModelTests.swift */ = {isa = PBXFileReference; lastKnownFileType = sourcecode.swift; path = UserModelTests.swift; sourceTree = "<group>"; };
		E2F9CD912A891CF400221C9D /* User.swift */ = {isa = PBXFileReference; lastKnownFileType = sourcecode.swift; path = User.swift; sourceTree = "<group>"; };
		E2F9CD922A891CF400221C9D /* Meal.swift */ = {isa = PBXFileReference; lastKnownFileType = sourcecode.swift; path = Meal.swift; sourceTree = "<group>"; };
		E2F9CD972A89226300221C9D /* BackgroundView.swift */ = {isa = PBXFileReference; lastKnownFileType = sourcecode.swift; path = BackgroundView.swift; sourceTree = "<group>"; };
		F68BBD7BA518FFEC5B618335 /* Pods_Assessment.framework */ = {isa = PBXFileReference; explicitFileType = wrapper.framework; includeInIndex = 0; path = Pods_Assessment.framework; sourceTree = BUILT_PRODUCTS_DIR; };
/* End PBXFileReference section */

/* Begin PBXFrameworksBuildPhase section */
		E2F4C72A2A88975800B46A38 /* Frameworks */ = {
			isa = PBXFrameworksBuildPhase;
			buildActionMask = 2147483647;
			files = (
				4920C5AD47C7DC90D4FD3FD0 /* Pods_Assessment.framework in Frameworks */,
			);
			runOnlyForDeploymentPostprocessing = 0;
		};
		E2F4C7402A88975900B46A38 /* Frameworks */ = {
			isa = PBXFrameworksBuildPhase;
			buildActionMask = 2147483647;
			files = (
				646FF80D21045E9F648A77FD /* Pods_AssessmentTests.framework in Frameworks */,
			);
			runOnlyForDeploymentPostprocessing = 0;
		};
/* End PBXFrameworksBuildPhase section */

/* Begin PBXGroup section */
		005CFF36DA48E6A9A18A09BF /* Frameworks */ = {
			isa = PBXGroup;
			children = (
				F68BBD7BA518FFEC5B618335 /* Pods_Assessment.framework */,
				DDF7DE15FEFA63CD78F95C67 /* Pods_Assessment_AssessmentUITests.framework */,
				26EDCE9E1BEC4AC4CE76DA3F /* Pods_AssessmentTests.framework */,
			);
			name = Frameworks;
			sourceTree = "<group>";
		};
		E2F4C7242A88975800B46A38 = {
			isa = PBXGroup;
			children = (
				E2F4C72F2A88975800B46A38 /* Assessment */,
				E2F4C7462A88975900B46A38 /* AssessmentTests */,
				E2F4C72E2A88975800B46A38 /* Products */,
				F4AF416E4084BAD2479329A8 /* Pods */,
				005CFF36DA48E6A9A18A09BF /* Frameworks */,
			);
			sourceTree = "<group>";
		};
		E2F4C72E2A88975800B46A38 /* Products */ = {
			isa = PBXGroup;
			children = (
				E2F4C72D2A88975800B46A38 /* Assessment.app */,
				E2F4C7432A88975900B46A38 /* AssessmentTests.xctest */,
			);
			name = Products;
			sourceTree = "<group>";
		};
		E2F4C72F2A88975800B46A38 /* Assessment */ = {
			isa = PBXGroup;
			children = (
				E2F4C7602A88976000B46A38 /* Root */,
				E2F4C7622A88977300B46A38 /* Screens */,
				E2F4C7662A8898AA00B46A38 /* Services & Managers */,
				E2F4C7692A88993E00B46A38 /* Models */,
				E2F4C76C2A8899E200B46A38 /* Utilities */,
				E2F4C76D2A8899EA00B46A38 /* Extensions */,
				E2F4C7612A88976500B46A38 /* Resources */,
			);
			path = Assessment;
			sourceTree = "<group>";
		};
		E2F4C7462A88975900B46A38 /* AssessmentTests */ = {
			isa = PBXGroup;
			children = (
				E2F9CD8F2A891CE500221C9D /* UserModelTests.swift */,
				E2F9CD892A8916B500221C9D /* MealServiceTests.swift */,
				E2F9CD842A8907DF00221C9D /* UserManagerTests.swift */,
			);
			path = AssessmentTests;
			sourceTree = "<group>";
		};
		E2F4C7602A88976000B46A38 /* Root */ = {
			isa = PBXGroup;
			children = (
				E2F4C7302A88975800B46A38 /* AppDelegate.swift */,
			);
			path = Root;
			sourceTree = "<group>";
		};
		E2F4C7612A88976500B46A38 /* Resources */ = {
			isa = PBXGroup;
			children = (
				E2F4C7392A88975900B46A38 /* Assets.xcassets */,
				E2F4C7642A8898A000B46A38 /* Colors.xcassets */,
				E2F4C73B2A88975900B46A38 /* LaunchScreen.storyboard */,
				E2F4C73E2A88975900B46A38 /* Info.plist */,
			);
			path = Resources;
			sourceTree = "<group>";
		};
		E2F4C7622A88977300B46A38 /* Screens */ = {
			isa = PBXGroup;
			children = (
				E2F4C7732A889C8F00B46A38 /* SignIn */,
				E2F4C7742A889C9A00B46A38 /* SignUp */,
				E2F4C7752A889CA200B46A38 /* Meals */,
			);
			path = Screens;
			sourceTree = "<group>";
		};
		E2F4C7662A8898AA00B46A38 /* Services & Managers */ = {
			isa = PBXGroup;
			children = (
				E2F9CD782A88F8CB00221C9D /* UserManager.swift */,
				E2F9CD872A89130100221C9D /* MealService.swift */,
			);
			path = "Services & Managers";
			sourceTree = "<group>";
		};
		E2F4C7692A88993E00B46A38 /* Models */ = {
			isa = PBXGroup;
			children = (
				E2F9CD922A891CF400221C9D /* Meal.swift */,
				E2F9CD912A891CF400221C9D /* User.swift */,
				E2F9CD422A88C08000221C9D /* MealResponse.swift */,
			);
			path = Models;
			sourceTree = "<group>";
		};
		E2F4C76C2A8899E200B46A38 /* Utilities */ = {
			isa = PBXGroup;
			children = (
				E2F9CD662A88EE1B00221C9D /* Image Preview */,
				E2F9CD402A88B2E500221C9D /* CollectionViewListLayout.swift */,
				E2F9CD6D2A88EFF000221C9D /* ImageAspectFillButton.swift */,
			);
			path = Utilities;
			sourceTree = "<group>";
		};
		E2F4C76D2A8899EA00B46A38 /* Extensions */ = {
			isa = PBXGroup;
			children = (
				E2F9CD492A88C47800221C9D /* Foundation */,
				E2F4C76E2A8899F400B46A38 /* UIKit */,
			);
			path = Extensions;
			sourceTree = "<group>";
		};
		E2F4C76E2A8899F400B46A38 /* UIKit */ = {
			isa = PBXGroup;
			children = (
				E2F9CD272A88A71E00221C9D /* View+.swift */,
				E2F9CD252A88A71700221C9D /* ViewController+.swift */,
				E2F9CD352A88AEB300221C9D /* CollectionView */,
				E2F9CD4C2A88D1D800221C9D /* TableView */,
			);
			path = UIKit;
			sourceTree = "<group>";
		};
		E2F4C7732A889C8F00B46A38 /* SignIn */ = {
			isa = PBXGroup;
			children = (
				E2F9CD6F2A88F65200221C9D /* SignInViewController.swift */,
				E2F9CD702A88F65200221C9D /* SignInViewController.xib */,
			);
			path = SignIn;
			sourceTree = "<group>";
		};
		E2F4C7742A889C9A00B46A38 /* SignUp */ = {
			isa = PBXGroup;
			children = (
				E2F9CD742A88F80A00221C9D /* SignUpViewController.swift */,
				E2F9CD752A88F80A00221C9D /* SignUpViewController.xib */,
			);
			path = SignUp;
			sourceTree = "<group>";
		};
		E2F4C7752A889CA200B46A38 /* Meals */ = {
			isa = PBXGroup;
			children = (
				E2F9CD232A88A6F900221C9D /* MealListViewController.swift */,
				E2F9CD972A89226300221C9D /* BackgroundView.swift */,
				E2F9CD7C2A89027100221C9D /* Profile */,
				E2F9CD2B2A88AD4900221C9D /* Cell Prototypes */,
				E2F9CD442A88C3AB00221C9D /* MealDetailViewController */,
			);
			path = Meals;
			sourceTree = "<group>";
		};
		E2F9CD2B2A88AD4900221C9D /* Cell Prototypes */ = {
			isa = PBXGroup;
			children = (
				E2F9CD3A2A88AFB500221C9D /* MealOverviewCell.swift */,
				E2F9CD3B2A88AFB500221C9D /* MealOverviewCell.xib */,
			);
			path = "Cell Prototypes";
			sourceTree = "<group>";
		};
		E2F9CD352A88AEB300221C9D /* CollectionView */ = {
			isa = PBXGroup;
			children = (
				E2F9CD382A88AEF600221C9D /* CollectionView+.swift */,
				E2F9CD362A88AEC000221C9D /* CollectionViewCell+.swift */,
			);
			path = CollectionView;
			sourceTree = "<group>";
		};
		E2F9CD442A88C3AB00221C9D /* MealDetailViewController */ = {
			isa = PBXGroup;
			children = (
				E2F9CD522A88DB3F00221C9D /* MealDetailsViewController.swift */,
				E2F9CD542A88DB7A00221C9D /* MealDetailLayout.swift */,
				E2F9CD512A88DAF300221C9D /* Cell Prototypes */,
			);
			path = MealDetailViewController;
			sourceTree = "<group>";
		};
		E2F9CD492A88C47800221C9D /* Foundation */ = {
			isa = PBXGroup;
			children = (
				E2F9CD4A2A88C48300221C9D /* Array+.swift */,
			);
			path = Foundation;
			sourceTree = "<group>";
		};
		E2F9CD4C2A88D1D800221C9D /* TableView */ = {
			isa = PBXGroup;
			children = (
				E2F9CD4E2A88D1EA00221C9D /* TableView+.swift */,
				E2F9CD4D2A88D1EA00221C9D /* TableViewCell+.swift */,
			);
			path = TableView;
			sourceTree = "<group>";
		};
		E2F9CD512A88DAF300221C9D /* Cell Prototypes */ = {
			isa = PBXGroup;
			children = (
				E2F9CD562A88DE4B00221C9D /* MealBasicDetailCell.swift */,
				E2F9CD572A88DE4B00221C9D /* MealBasicDetailCell.xib */,
				E2F9CD5A2A88DE5D00221C9D /* MealIngredientsCell.swift */,
				E2F9CD5B2A88DE5D00221C9D /* MealIngredientsCell.xib */,
				E2F9CD5E2A88DE6B00221C9D /* MealMeasuresCell.swift */,
				E2F9CD5F2A88DE6B00221C9D /* MealMeasuresCell.xib */,
				E2F9CD622A88EA2800221C9D /* MealDetailSectionHeaderView.swift */,
				E2F9CD632A88EA2800221C9D /* MealDetailSectionHeaderView.xib */,
			);
			path = "Cell Prototypes";
			sourceTree = "<group>";
		};
		E2F9CD662A88EE1B00221C9D /* Image Preview */ = {
			isa = PBXGroup;
			children = (
				E2F9CD672A88EE1B00221C9D /* ImagePreviewVC.swift */,
				E2F9CD6B2A88EF5600221C9D /* PopAnimator.swift */,
				E2F9CD682A88EE1B00221C9D /* ImagePreviewVC.xib */,
			);
			path = "Image Preview";
			sourceTree = "<group>";
		};
		E2F9CD7C2A89027100221C9D /* Profile */ = {
			isa = PBXGroup;
			children = (
				E2F9CD7D2A89028500221C9D /* ProfileViewController.swift */,
				E2F9CD7E2A89028500221C9D /* ProfileViewController.xib */,
			);
			path = Profile;
			sourceTree = "<group>";
		};
		F4AF416E4084BAD2479329A8 /* Pods */ = {
			isa = PBXGroup;
			children = (
				8EC0500B3535372D25399816 /* Pods-Assessment.debug.xcconfig */,
				50BC948DA924EDADC8F3E841 /* Pods-Assessment.release.xcconfig */,
				21789EFD8FD35A5A8F2285D2 /* Pods-Assessment-AssessmentUITests.debug.xcconfig */,
				68C865AAE0B7552ECA8BD268 /* Pods-Assessment-AssessmentUITests.release.xcconfig */,
				980CE51DD1BDF7B4FC636927 /* Pods-AssessmentTests.debug.xcconfig */,
				3DC592657ACB105ABEA6C6B1 /* Pods-AssessmentTests.release.xcconfig */,
			);
			path = Pods;
			sourceTree = "<group>";
		};
/* End PBXGroup section */

/* Begin PBXNativeTarget section */
		E2F4C72C2A88975800B46A38 /* Assessment */ = {
			isa = PBXNativeTarget;
			buildConfigurationList = E2F4C7572A88975900B46A38 /* Build configuration list for PBXNativeTarget "Assessment" */;
			buildPhases = (
				AC6AD23111009D8CB2A18D1D /* [CP] Check Pods Manifest.lock */,
				E2F4C7292A88975800B46A38 /* Sources */,
				E2F4C72A2A88975800B46A38 /* Frameworks */,
				E2F4C72B2A88975800B46A38 /* Resources */,
				1BD313971E1D5C3779CF9F21 /* [CP] Embed Pods Frameworks */,
			);
			buildRules = (
			);
			dependencies = (
			);
			name = Assessment;
			productName = Assessment;
			productReference = E2F4C72D2A88975800B46A38 /* Assessment.app */;
			productType = "com.apple.product-type.application";
		};
		E2F4C7422A88975900B46A38 /* AssessmentTests */ = {
			isa = PBXNativeTarget;
			buildConfigurationList = E2F4C75A2A88975900B46A38 /* Build configuration list for PBXNativeTarget "AssessmentTests" */;
			buildPhases = (
				2ECF19EBD539CED609DA258E /* [CP] Check Pods Manifest.lock */,
				E2F4C73F2A88975900B46A38 /* Sources */,
				E2F4C7402A88975900B46A38 /* Frameworks */,
				E2F4C7412A88975900B46A38 /* Resources */,
			);
			buildRules = (
			);
			dependencies = (
				E2F4C7452A88975900B46A38 /* PBXTargetDependency */,
			);
			name = AssessmentTests;
			productName = AssessmentTests;
			productReference = E2F4C7432A88975900B46A38 /* AssessmentTests.xctest */;
			productType = "com.apple.product-type.bundle.unit-test";
		};
/* End PBXNativeTarget section */

/* Begin PBXProject section */
		E2F4C7252A88975800B46A38 /* Project object */ = {
			isa = PBXProject;
			attributes = {
				BuildIndependentTargetsInParallel = 1;
				LastSwiftUpdateCheck = 1430;
				LastUpgradeCheck = 1430;
				TargetAttributes = {
					E2F4C72C2A88975800B46A38 = {
						CreatedOnToolsVersion = 14.3.1;
					};
					E2F4C7422A88975900B46A38 = {
						CreatedOnToolsVersion = 14.3.1;
						TestTargetID = E2F4C72C2A88975800B46A38;
					};
				};
			};
			buildConfigurationList = E2F4C7282A88975800B46A38 /* Build configuration list for PBXProject "Assessment" */;
			compatibilityVersion = "Xcode 14.0";
			developmentRegion = en;
			hasScannedForEncodings = 0;
			knownRegions = (
				en,
				Base,
			);
			mainGroup = E2F4C7242A88975800B46A38;
			productRefGroup = E2F4C72E2A88975800B46A38 /* Products */;
			projectDirPath = "";
			projectRoot = "";
			targets = (
				E2F4C72C2A88975800B46A38 /* Assessment */,
				E2F4C7422A88975900B46A38 /* AssessmentTests */,
			);
		};
/* End PBXProject section */

/* Begin PBXResourcesBuildPhase section */
		E2F4C72B2A88975800B46A38 /* Resources */ = {
			isa = PBXResourcesBuildPhase;
			buildActionMask = 2147483647;
			files = (
				E2F9CD722A88F65200221C9D /* SignInViewController.xib in Resources */,
				E2F9CD612A88DE6B00221C9D /* MealMeasuresCell.xib in Resources */,
				E2F4C7652A8898A000B46A38 /* Colors.xcassets in Resources */,
				E2F9CD5D2A88DE5D00221C9D /* MealIngredientsCell.xib in Resources */,
				E2F9CD6A2A88EE1B00221C9D /* ImagePreviewVC.xib in Resources */,
				E2F9CD772A88F80A00221C9D /* SignUpViewController.xib in Resources */,
				E2F9CD802A89028500221C9D /* ProfileViewController.xib in Resources */,
				E2F9CD652A88EA2800221C9D /* MealDetailSectionHeaderView.xib in Resources */,
				E2F4C73D2A88975900B46A38 /* LaunchScreen.storyboard in Resources */,
				E2F9CD592A88DE4B00221C9D /* MealBasicDetailCell.xib in Resources */,
				E2F4C73A2A88975900B46A38 /* Assets.xcassets in Resources */,
				E2F9CD3D2A88AFB500221C9D /* MealOverviewCell.xib in Resources */,
			);
			runOnlyForDeploymentPostprocessing = 0;
		};
		E2F4C7412A88975900B46A38 /* Resources */ = {
			isa = PBXResourcesBuildPhase;
			buildActionMask = 2147483647;
			files = (
			);
			runOnlyForDeploymentPostprocessing = 0;
		};
/* End PBXResourcesBuildPhase section */

/* Begin PBXShellScriptBuildPhase section */
		1BD313971E1D5C3779CF9F21 /* [CP] Embed Pods Frameworks */ = {
			isa = PBXShellScriptBuildPhase;
			buildActionMask = 2147483647;
			files = (
			);
			inputFileListPaths = (
				"${PODS_ROOT}/Target Support Files/Pods-Assessment/Pods-Assessment-frameworks-${CONFIGURATION}-input-files.xcfilelist",
			);
			name = "[CP] Embed Pods Frameworks";
			outputFileListPaths = (
				"${PODS_ROOT}/Target Support Files/Pods-Assessment/Pods-Assessment-frameworks-${CONFIGURATION}-output-files.xcfilelist",
			);
			runOnlyForDeploymentPostprocessing = 0;
			shellPath = /bin/sh;
			shellScript = "\"${PODS_ROOT}/Target Support Files/Pods-Assessment/Pods-Assessment-frameworks.sh\"\n";
			showEnvVarsInLog = 0;
		};
		2ECF19EBD539CED609DA258E /* [CP] Check Pods Manifest.lock */ = {
			isa = PBXShellScriptBuildPhase;
			buildActionMask = 2147483647;
			files = (
			);
			inputFileListPaths = (
			);
			inputPaths = (
				"${PODS_PODFILE_DIR_PATH}/Podfile.lock",
				"${PODS_ROOT}/Manifest.lock",
			);
			name = "[CP] Check Pods Manifest.lock";
			outputFileListPaths = (
			);
			outputPaths = (
				"$(DERIVED_FILE_DIR)/Pods-AssessmentTests-checkManifestLockResult.txt",
			);
			runOnlyForDeploymentPostprocessing = 0;
			shellPath = /bin/sh;
			shellScript = "diff \"${PODS_PODFILE_DIR_PATH}/Podfile.lock\" \"${PODS_ROOT}/Manifest.lock\" > /dev/null\nif [ $? != 0 ] ; then\n    # print error to STDERR\n    echo \"error: The sandbox is not in sync with the Podfile.lock. Run 'pod install' or update your CocoaPods installation.\" >&2\n    exit 1\nfi\n# This output is used by Xcode 'outputs' to avoid re-running this script phase.\necho \"SUCCESS\" > \"${SCRIPT_OUTPUT_FILE_0}\"\n";
			showEnvVarsInLog = 0;
		};
		AC6AD23111009D8CB2A18D1D /* [CP] Check Pods Manifest.lock */ = {
			isa = PBXShellScriptBuildPhase;
			buildActionMask = 2147483647;
			files = (
			);
			inputFileListPaths = (
			);
			inputPaths = (
				"${PODS_PODFILE_DIR_PATH}/Podfile.lock",
				"${PODS_ROOT}/Manifest.lock",
			);
			name = "[CP] Check Pods Manifest.lock";
			outputFileListPaths = (
			);
			outputPaths = (
				"$(DERIVED_FILE_DIR)/Pods-Assessment-checkManifestLockResult.txt",
			);
			runOnlyForDeploymentPostprocessing = 0;
			shellPath = /bin/sh;
			shellScript = "diff \"${PODS_PODFILE_DIR_PATH}/Podfile.lock\" \"${PODS_ROOT}/Manifest.lock\" > /dev/null\nif [ $? != 0 ] ; then\n    # print error to STDERR\n    echo \"error: The sandbox is not in sync with the Podfile.lock. Run 'pod install' or update your CocoaPods installation.\" >&2\n    exit 1\nfi\n# This output is used by Xcode 'outputs' to avoid re-running this script phase.\necho \"SUCCESS\" > \"${SCRIPT_OUTPUT_FILE_0}\"\n";
			showEnvVarsInLog = 0;
		};
/* End PBXShellScriptBuildPhase section */

/* Begin PBXSourcesBuildPhase section */
		E2F4C7292A88975800B46A38 /* Sources */ = {
			isa = PBXSourcesBuildPhase;
			buildActionMask = 2147483647;
			files = (
				E2F9CD372A88AEC000221C9D /* CollectionViewCell+.swift in Sources */,
				E2F9CD692A88EE1B00221C9D /* ImagePreviewVC.swift in Sources */,
				E2F9CD4B2A88C48300221C9D /* Array+.swift in Sources */,
				E2F9CD282A88A71E00221C9D /* View+.swift in Sources */,
				E2F9CD932A891CF400221C9D /* Meal.swift in Sources */,
				E2F9CD7F2A89028500221C9D /* ProfileViewController.swift in Sources */,
				E2F9CD262A88A71700221C9D /* ViewController+.swift in Sources */,
				E2F9CD882A89130100221C9D /* MealService.swift in Sources */,
				E2F9CD392A88AEF600221C9D /* CollectionView+.swift in Sources */,
				E2F9CD982A89226300221C9D /* BackgroundView.swift in Sources */,
				E2F9CD6C2A88EF5600221C9D /* PopAnimator.swift in Sources */,
				E2F9CD6E2A88EFF000221C9D /* ImageAspectFillButton.swift in Sources */,
				E2F9CD502A88D1EA00221C9D /* TableView+.swift in Sources */,
				E2F9CD412A88B2E500221C9D /* CollectionViewListLayout.swift in Sources */,
				E2F9CD642A88EA2800221C9D /* MealDetailSectionHeaderView.swift in Sources */,
				E2F9CD582A88DE4B00221C9D /* MealBasicDetailCell.swift in Sources */,
				E2F9CD5C2A88DE5D00221C9D /* MealIngredientsCell.swift in Sources */,
				E2F9CD532A88DB3F00221C9D /* MealDetailsViewController.swift in Sources */,
				E2F4C7312A88975800B46A38 /* AppDelegate.swift in Sources */,
				E2F9CD242A88A6F900221C9D /* MealListViewController.swift in Sources */,
				E2F9CD3C2A88AFB500221C9D /* MealOverviewCell.swift in Sources */,
				E2F9CD952A891CF400221C9D /* User.swift in Sources */,
				E2F9CD792A88F8CB00221C9D /* UserManager.swift in Sources */,
				E2F9CD762A88F80A00221C9D /* SignUpViewController.swift in Sources */,
				E2F9CD4F2A88D1EA00221C9D /* TableViewCell+.swift in Sources */,
				E2F9CD602A88DE6B00221C9D /* MealMeasuresCell.swift in Sources */,
				E2F9CD432A88C08000221C9D /* MealResponse.swift in Sources */,
				E2F9CD712A88F65200221C9D /* SignInViewController.swift in Sources */,
				E2F9CD552A88DB7A00221C9D /* MealDetailLayout.swift in Sources */,
			);
			runOnlyForDeploymentPostprocessing = 0;
		};
		E2F4C73F2A88975900B46A38 /* Sources */ = {
			isa = PBXSourcesBuildPhase;
			buildActionMask = 2147483647;
			files = (
				E2F9CD8B2A89177C00221C9D /* MealService.swift in Sources */,
				E2F9CD8A2A8916B500221C9D /* MealServiceTests.swift in Sources */,
				E2F9CD902A891CE500221C9D /* UserModelTests.swift in Sources */,
				E2F9CD942A891CF400221C9D /* Meal.swift in Sources */,
				E2F9CD962A891CF400221C9D /* User.swift in Sources */,
				E2F9CD852A8907DF00221C9D /* UserManagerTests.swift in Sources */,
				E2F9CD8D2A89178D00221C9D /* MealResponse.swift in Sources */,
				E2F9CD862A89081800221C9D /* UserManager.swift in Sources */,
			);
			runOnlyForDeploymentPostprocessing = 0;
		};
/* End PBXSourcesBuildPhase section */

/* Begin PBXTargetDependency section */
		E2F4C7452A88975900B46A38 /* PBXTargetDependency */ = {
			isa = PBXTargetDependency;
			target = E2F4C72C2A88975800B46A38 /* Assessment */;
			targetProxy = E2F4C7442A88975900B46A38 /* PBXContainerItemProxy */;
		};
/* End PBXTargetDependency section */

/* Begin PBXVariantGroup section */
		E2F4C73B2A88975900B46A38 /* LaunchScreen.storyboard */ = {
			isa = PBXVariantGroup;
			children = (
				E2F4C73C2A88975900B46A38 /* Base */,
			);
			name = LaunchScreen.storyboard;
			sourceTree = "<group>";
		};
/* End PBXVariantGroup section */

/* Begin XCBuildConfiguration section */
		E2F4C7552A88975900B46A38 /* Debug */ = {
			isa = XCBuildConfiguration;
			buildSettings = {
				ALWAYS_SEARCH_USER_PATHS = NO;
				CLANG_ANALYZER_NONNULL = YES;
				CLANG_ANALYZER_NUMBER_OBJECT_CONVERSION = YES_AGGRESSIVE;
				CLANG_CXX_LANGUAGE_STANDARD = "gnu++20";
				CLANG_ENABLE_MODULES = YES;
				CLANG_ENABLE_OBJC_ARC = YES;
				CLANG_ENABLE_OBJC_WEAK = YES;
				CLANG_WARN_BLOCK_CAPTURE_AUTORELEASING = YES;
				CLANG_WARN_BOOL_CONVERSION = YES;
				CLANG_WARN_COMMA = YES;
				CLANG_WARN_CONSTANT_CONVERSION = YES;
				CLANG_WARN_DEPRECATED_OBJC_IMPLEMENTATIONS = YES;
				CLANG_WARN_DIRECT_OBJC_ISA_USAGE = YES_ERROR;
				CLANG_WARN_DOCUMENTATION_COMMENTS = YES;
				CLANG_WARN_EMPTY_BODY = YES;
				CLANG_WARN_ENUM_CONVERSION = YES;
				CLANG_WARN_INFINITE_RECURSION = YES;
				CLANG_WARN_INT_CONVERSION = YES;
				CLANG_WARN_NON_LITERAL_NULL_CONVERSION = YES;
				CLANG_WARN_OBJC_IMPLICIT_RETAIN_SELF = YES;
				CLANG_WARN_OBJC_LITERAL_CONVERSION = YES;
				CLANG_WARN_OBJC_ROOT_CLASS = YES_ERROR;
				CLANG_WARN_QUOTED_INCLUDE_IN_FRAMEWORK_HEADER = YES;
				CLANG_WARN_RANGE_LOOP_ANALYSIS = YES;
				CLANG_WARN_STRICT_PROTOTYPES = YES;
				CLANG_WARN_SUSPICIOUS_MOVE = YES;
				CLANG_WARN_UNGUARDED_AVAILABILITY = YES_AGGRESSIVE;
				CLANG_WARN_UNREACHABLE_CODE = YES;
				CLANG_WARN__DUPLICATE_METHOD_MATCH = YES;
				COPY_PHASE_STRIP = NO;
				DEBUG_INFORMATION_FORMAT = dwarf;
				ENABLE_STRICT_OBJC_MSGSEND = YES;
				ENABLE_TESTABILITY = YES;
				GCC_C_LANGUAGE_STANDARD = gnu11;
				GCC_DYNAMIC_NO_PIC = NO;
				GCC_NO_COMMON_BLOCKS = YES;
				GCC_OPTIMIZATION_LEVEL = 0;
				GCC_PREPROCESSOR_DEFINITIONS = (
					"DEBUG=1",
					"$(inherited)",
				);
				GCC_WARN_64_TO_32_BIT_CONVERSION = YES;
				GCC_WARN_ABOUT_RETURN_TYPE = YES_ERROR;
				GCC_WARN_UNDECLARED_SELECTOR = YES;
				GCC_WARN_UNINITIALIZED_AUTOS = YES_AGGRESSIVE;
				GCC_WARN_UNUSED_FUNCTION = YES;
				GCC_WARN_UNUSED_VARIABLE = YES;
				IPHONEOS_DEPLOYMENT_TARGET = 16.4;
				MTL_ENABLE_DEBUG_INFO = INCLUDE_SOURCE;
				MTL_FAST_MATH = YES;
				ONLY_ACTIVE_ARCH = YES;
				SDKROOT = iphoneos;
				SWIFT_ACTIVE_COMPILATION_CONDITIONS = DEBUG;
				SWIFT_OPTIMIZATION_LEVEL = "-Onone";
			};
			name = Debug;
		};
		E2F4C7562A88975900B46A38 /* Release */ = {
			isa = XCBuildConfiguration;
			buildSettings = {
				ALWAYS_SEARCH_USER_PATHS = NO;
				CLANG_ANALYZER_NONNULL = YES;
				CLANG_ANALYZER_NUMBER_OBJECT_CONVERSION = YES_AGGRESSIVE;
				CLANG_CXX_LANGUAGE_STANDARD = "gnu++20";
				CLANG_ENABLE_MODULES = YES;
				CLANG_ENABLE_OBJC_ARC = YES;
				CLANG_ENABLE_OBJC_WEAK = YES;
				CLANG_WARN_BLOCK_CAPTURE_AUTORELEASING = YES;
				CLANG_WARN_BOOL_CONVERSION = YES;
				CLANG_WARN_COMMA = YES;
				CLANG_WARN_CONSTANT_CONVERSION = YES;
				CLANG_WARN_DEPRECATED_OBJC_IMPLEMENTATIONS = YES;
				CLANG_WARN_DIRECT_OBJC_ISA_USAGE = YES_ERROR;
				CLANG_WARN_DOCUMENTATION_COMMENTS = YES;
				CLANG_WARN_EMPTY_BODY = YES;
				CLANG_WARN_ENUM_CONVERSION = YES;
				CLANG_WARN_INFINITE_RECURSION = YES;
				CLANG_WARN_INT_CONVERSION = YES;
				CLANG_WARN_NON_LITERAL_NULL_CONVERSION = YES;
				CLANG_WARN_OBJC_IMPLICIT_RETAIN_SELF = YES;
				CLANG_WARN_OBJC_LITERAL_CONVERSION = YES;
				CLANG_WARN_OBJC_ROOT_CLASS = YES_ERROR;
				CLANG_WARN_QUOTED_INCLUDE_IN_FRAMEWORK_HEADER = YES;
				CLANG_WARN_RANGE_LOOP_ANALYSIS = YES;
				CLANG_WARN_STRICT_PROTOTYPES = YES;
				CLANG_WARN_SUSPICIOUS_MOVE = YES;
				CLANG_WARN_UNGUARDED_AVAILABILITY = YES_AGGRESSIVE;
				CLANG_WARN_UNREACHABLE_CODE = YES;
				CLANG_WARN__DUPLICATE_METHOD_MATCH = YES;
				COPY_PHASE_STRIP = NO;
				DEBUG_INFORMATION_FORMAT = "dwarf-with-dsym";
				ENABLE_NS_ASSERTIONS = NO;
				ENABLE_STRICT_OBJC_MSGSEND = YES;
				GCC_C_LANGUAGE_STANDARD = gnu11;
				GCC_NO_COMMON_BLOCKS = YES;
				GCC_WARN_64_TO_32_BIT_CONVERSION = YES;
				GCC_WARN_ABOUT_RETURN_TYPE = YES_ERROR;
				GCC_WARN_UNDECLARED_SELECTOR = YES;
				GCC_WARN_UNINITIALIZED_AUTOS = YES_AGGRESSIVE;
				GCC_WARN_UNUSED_FUNCTION = YES;
				GCC_WARN_UNUSED_VARIABLE = YES;
				IPHONEOS_DEPLOYMENT_TARGET = 16.4;
				MTL_ENABLE_DEBUG_INFO = NO;
				MTL_FAST_MATH = YES;
				SDKROOT = iphoneos;
				SWIFT_COMPILATION_MODE = wholemodule;
				SWIFT_OPTIMIZATION_LEVEL = "-O";
				VALIDATE_PRODUCT = YES;
			};
			name = Release;
		};
		E2F4C7582A88975900B46A38 /* Debug */ = {
			isa = XCBuildConfiguration;
			baseConfigurationReference = 8EC0500B3535372D25399816 /* Pods-Assessment.debug.xcconfig */;
			buildSettings = {
				ALWAYS_EMBED_SWIFT_STANDARD_LIBRARIES = "$(inherited)";
				ASSETCATALOG_COMPILER_APPICON_NAME = AppIcon;
				ASSETCATALOG_COMPILER_GLOBAL_ACCENT_COLOR_NAME = AccentColor;
				CODE_SIGN_STYLE = Automatic;
				CURRENT_PROJECT_VERSION = 1;
				DEVELOPMENT_TEAM = UTXHA6LD6B;
				GENERATE_INFOPLIST_FILE = YES;
				INFOPLIST_FILE = Assessment/Resources/Info.plist;
				INFOPLIST_KEY_CFBundleDisplayName = Assessment;
				INFOPLIST_KEY_UIApplicationSupportsIndirectInputEvents = YES;
				INFOPLIST_KEY_UILaunchStoryboardName = LaunchScreen.storyboard;
				INFOPLIST_KEY_UISupportedInterfaceOrientations_iPad = "UIInterfaceOrientationPortrait UIInterfaceOrientationPortraitUpsideDown UIInterfaceOrientationLandscapeLeft UIInterfaceOrientationLandscapeRight";
				INFOPLIST_KEY_UISupportedInterfaceOrientations_iPhone = "UIInterfaceOrientationPortrait UIInterfaceOrientationLandscapeLeft UIInterfaceOrientationLandscapeRight";
				IPHONEOS_DEPLOYMENT_TARGET = 13.0;
				LD_RUNPATH_SEARCH_PATHS = (
					"$(inherited)",
					"@executable_path/Frameworks",
				);
				MARKETING_VERSION = 1.0.0;
				PRODUCT_BUNDLE_IDENTIFIER = com.avidrush94.Assessment;
				PRODUCT_NAME = "$(TARGET_NAME)";
				SUPPORTED_PLATFORMS = "iphoneos iphonesimulator";
				SUPPORTS_MACCATALYST = NO;
				SUPPORTS_MAC_DESIGNED_FOR_IPHONE_IPAD = NO;
				SWIFT_EMIT_LOC_STRINGS = YES;
				SWIFT_VERSION = 5.0;
				TARGETED_DEVICE_FAMILY = 1;
			};
			name = Debug;
		};
		E2F4C7592A88975900B46A38 /* Release */ = {
			isa = XCBuildConfiguration;
			baseConfigurationReference = 50BC948DA924EDADC8F3E841 /* Pods-Assessment.release.xcconfig */;
			buildSettings = {
				ALWAYS_EMBED_SWIFT_STANDARD_LIBRARIES = "$(inherited)";
				ASSETCATALOG_COMPILER_APPICON_NAME = AppIcon;
				ASSETCATALOG_COMPILER_GLOBAL_ACCENT_COLOR_NAME = AccentColor;
				CODE_SIGN_STYLE = Automatic;
				CURRENT_PROJECT_VERSION = 1;
				DEVELOPMENT_TEAM = UTXHA6LD6B;
				GENERATE_INFOPLIST_FILE = YES;
				INFOPLIST_FILE = Assessment/Resources/Info.plist;
				INFOPLIST_KEY_CFBundleDisplayName = Assessment;
				INFOPLIST_KEY_UIApplicationSupportsIndirectInputEvents = YES;
				INFOPLIST_KEY_UILaunchStoryboardName = LaunchScreen.storyboard;
				INFOPLIST_KEY_UISupportedInterfaceOrientations_iPad = "UIInterfaceOrientationPortrait UIInterfaceOrientationPortraitUpsideDown UIInterfaceOrientationLandscapeLeft UIInterfaceOrientationLandscapeRight";
				INFOPLIST_KEY_UISupportedInterfaceOrientations_iPhone = "UIInterfaceOrientationPortrait UIInterfaceOrientationLandscapeLeft UIInterfaceOrientationLandscapeRight";
				IPHONEOS_DEPLOYMENT_TARGET = 13.0;
				LD_RUNPATH_SEARCH_PATHS = (
					"$(inherited)",
					"@executable_path/Frameworks",
				);
				MARKETING_VERSION = 1.0.0;
				PRODUCT_BUNDLE_IDENTIFIER = com.avidrush94.Assessment;
				PRODUCT_NAME = "$(TARGET_NAME)";
				SUPPORTED_PLATFORMS = "iphoneos iphonesimulator";
				SUPPORTS_MACCATALYST = NO;
				SUPPORTS_MAC_DESIGNED_FOR_IPHONE_IPAD = NO;
				SWIFT_EMIT_LOC_STRINGS = YES;
				SWIFT_VERSION = 5.0;
				TARGETED_DEVICE_FAMILY = 1;
			};
			name = Release;
		};
		E2F4C75B2A88975900B46A38 /* Debug */ = {
			isa = XCBuildConfiguration;
			baseConfigurationReference = 980CE51DD1BDF7B4FC636927 /* Pods-AssessmentTests.debug.xcconfig */;
			buildSettings = {
				ALWAYS_EMBED_SWIFT_STANDARD_LIBRARIES = "$(inherited)";
				BUNDLE_LOADER = "$(TEST_HOST)";
				CODE_SIGN_STYLE = Automatic;
				CURRENT_PROJECT_VERSION = 1;
				DEVELOPMENT_TEAM = UTXHA6LD6B;
				GENERATE_INFOPLIST_FILE = YES;
				IPHONEOS_DEPLOYMENT_TARGET = 13.0;
				MARKETING_VERSION = 1.0;
				PRODUCT_BUNDLE_IDENTIFIER = com.avidrush94.AssessmentTests;
				PRODUCT_NAME = "$(TARGET_NAME)";
				SUPPORTED_PLATFORMS = "iphoneos iphonesimulator";
				SUPPORTS_MACCATALYST = NO;
				SUPPORTS_MAC_DESIGNED_FOR_IPHONE_IPAD = YES;
				SWIFT_EMIT_LOC_STRINGS = NO;
				SWIFT_VERSION = 5.0;
				TARGETED_DEVICE_FAMILY = 1;
				TEST_HOST = "$(BUILT_PRODUCTS_DIR)/Assessment.app/$(BUNDLE_EXECUTABLE_FOLDER_PATH)/Assessment";
			};
			name = Debug;
		};
		E2F4C75C2A88975900B46A38 /* Release */ = {
			isa = XCBuildConfiguration;
			baseConfigurationReference = 3DC592657ACB105ABEA6C6B1 /* Pods-AssessmentTests.release.xcconfig */;
			buildSettings = {
				ALWAYS_EMBED_SWIFT_STANDARD_LIBRARIES = "$(inherited)";
				BUNDLE_LOADER = "$(TEST_HOST)";
				CODE_SIGN_STYLE = Automatic;
				CURRENT_PROJECT_VERSION = 1;
				DEVELOPMENT_TEAM = UTXHA6LD6B;
				GENERATE_INFOPLIST_FILE = YES;
				IPHONEOS_DEPLOYMENT_TARGET = 13.0;
				MARKETING_VERSION = 1.0;
				PRODUCT_BUNDLE_IDENTIFIER = com.avidrush94.AssessmentTests;
				PRODUCT_NAME = "$(TARGET_NAME)";
				SUPPORTED_PLATFORMS = "iphoneos iphonesimulator";
				SUPPORTS_MACCATALYST = NO;
				SUPPORTS_MAC_DESIGNED_FOR_IPHONE_IPAD = YES;
				SWIFT_EMIT_LOC_STRINGS = NO;
				SWIFT_VERSION = 5.0;
				TARGETED_DEVICE_FAMILY = 1;
				TEST_HOST = "$(BUILT_PRODUCTS_DIR)/Assessment.app/$(BUNDLE_EXECUTABLE_FOLDER_PATH)/Assessment";
			};
			name = Release;
		};
/* End XCBuildConfiguration section */

/* Begin XCConfigurationList section */
		E2F4C7282A88975800B46A38 /* Build configuration list for PBXProject "Assessment" */ = {
			isa = XCConfigurationList;
			buildConfigurations = (
				E2F4C7552A88975900B46A38 /* Debug */,
				E2F4C7562A88975900B46A38 /* Release */,
			);
			defaultConfigurationIsVisible = 0;
			defaultConfigurationName = Release;
		};
		E2F4C7572A88975900B46A38 /* Build configuration list for PBXNativeTarget "Assessment" */ = {
			isa = XCConfigurationList;
			buildConfigurations = (
				E2F4C7582A88975900B46A38 /* Debug */,
				E2F4C7592A88975900B46A38 /* Release */,
			);
			defaultConfigurationIsVisible = 0;
			defaultConfigurationName = Release;
		};
		E2F4C75A2A88975900B46A38 /* Build configuration list for PBXNativeTarget "AssessmentTests" */ = {
			isa = XCConfigurationList;
			buildConfigurations = (
				E2F4C75B2A88975900B46A38 /* Debug */,
				E2F4C75C2A88975900B46A38 /* Release */,
			);
			defaultConfigurationIsVisible = 0;
			defaultConfigurationName = Release;
		};
/* End XCConfigurationList section */
	};
	rootObject = E2F4C7252A88975800B46A38 /* Project object */;
}
